
Microsoft Visual Studio Solution File, Format Version 12.00
# Visual Studio Version 17
VisualStudioVersion = 17.3.32901.215
MinimumVisualStudioVersion = 10.0.40219.1
Project("{8BC9CEB8-8B4A-11D0-8D11-00A0C91BC942}") = "2022.11.17-Homework-7", "2022.11.17-Homework-7.vcxproj", "{3B2139DA-A7C9-4458-9B61-90F7C2335C16}"
EndProject
Project("{8BC9CEB8-8B4A-11D0-8D11-00A0C91BC942}") = "Task1", "Task1\Task1.vcxproj", "{6401A704-B199-4DD2-A706-9FFEE583B8F0}"
EndProject
Project("{8BC9CEB8-8B4A-11D0-8D11-00A0C91BC942}") = "Task2", "Task2\Task2.vcxproj", "{70F9A61A-8E47-44DF-98F4-A1442C9A6621}"
EndProject
Project("{8BC9CEB8-8B4A-11D0-8D11-00A0C91BC942}") = "Task3", "Task3\Task3.vcxproj", "{75E6FE85-7C73-479A-993B-8477DAB2BCB4}"
EndProject
Project("{8BC9CEB8-8B4A-11D0-8D11-00A0C91BC942}") = "Task4", "Task4\Task4.vcxproj", "{C916774F-88D4-4098-AF10-D674B9FCCCB8}"
EndProject
Project("{8BC9CEB8-8B4A-11D0-8D11-00A0C91BC942}") = "Task5", "Task5\Task5.vcxproj", "{CFFFEAEA-58BC-4048-B28D-AAD3A848C0F4}"
EndProject
Project("{8BC9CEB8-8B4A-11D0-8D11-00A0C91BC942}") = "Task6", "Task6\Task6.vcxproj", "{8A12CDC0-1B02-472F-8750-8E7733C26EEF}"
EndProject
Global
	GlobalSection(SolutionConfigurationPlatforms) = preSolution
		Debug|x64 = Debug|x64
		Debug|x86 = Debug|x86
		Release|x64 = Release|x64
		Release|x86 = Release|x86
	EndGlobalSection
	GlobalSection(ProjectConfigurationPlatforms) = postSolution
		{3B2139DA-A7C9-4458-9B61-90F7C2335C16}.Debug|x64.ActiveCfg = Debug|x64
		{3B2139DA-A7C9-4458-9B61-90F7C2335C16}.Debug|x64.Build.0 = Debug|x64
		{3B2139DA-A7C9-4458-9B61-90F7C2335C16}.Debug|x86.ActiveCfg = Debug|Win32
		{3B2139DA-A7C9-4458-9B61-90F7C2335C16}.Debug|x86.Build.0 = Debug|Win32
		{3B2139DA-A7C9-4458-9B61-90F7C2335C16}.Release|x64.ActiveCfg = Release|x64
		{3B2139DA-A7C9-4458-9B61-90F7C2335C16}.Release|x64.Build.0 = Release|x64
		{3B2139DA-A7C9-4458-9B61-90F7C2335C16}.Release|x86.ActiveCfg = Release|Win32
		{3B2139DA-A7C9-4458-9B61-90F7C2335C16}.Release|x86.Build.0 = Release|Win32
		{6401A704-B199-4DD2-A706-9FFEE583B8F0}.Debug|x64.ActiveCfg = Debug|x64
		{6401A704-B199-4DD2-A706-9FFEE583B8F0}.Debug|x64.Build.0 = Debug|x64
		{6401A704-B199-4DD2-A706-9FFEE583B8F0}.Debug|x86.ActiveCfg = Debug|Win32
		{6401A704-B199-4DD2-A706-9FFEE583B8F0}.Debug|x86.Build.0 = Debug|Win32
		{6401A704-B199-4DD2-A706-9FFEE583B8F0}.Release|x64.ActiveCfg = Release|x64
		{6401A704-B199-4DD2-A706-9FFEE583B8F0}.Release|x64.Build.0 = Release|x64
		{6401A704-B199-4DD2-A706-9FFEE583B8F0}.Release|x86.ActiveCfg = Release|Win32
		{6401A704-B199-4DD2-A706-9FFEE583B8F0}.Release|x86.Build.0 = Release|Win32
		{70F9A61A-8E47-44DF-98F4-A1442C9A6621}.Debug|x64.ActiveCfg = Debug|x64
		{70F9A61A-8E47-44DF-98F4-A1442C9A6621}.Debug|x64.Build.0 = Debug|x64
		{70F9A61A-8E47-44DF-98F4-A1442C9A6621}.Debug|x86.ActiveCfg = Debug|Win32
		{70F9A61A-8E47-44DF-98F4-A1442C9A6621}.Debug|x86.Build.0 = Debug|Win32
		{70F9A61A-8E47-44DF-98F4-A1442C9A6621}.Release|x64.ActiveCfg = Release|x64
		{70F9A61A-8E47-44DF-98F4-A1442C9A6621}.Release|x64.Build.0 = Release|x64
		{70F9A61A-8E47-44DF-98F4-A1442C9A6621}.Release|x86.ActiveCfg = Release|Win32
		{70F9A61A-8E47-44DF-98F4-A1442C9A6621}.Release|x86.Build.0 = Release|Win32
		{75E6FE85-7C73-479A-993B-8477DAB2BCB4}.Debug|x64.ActiveCfg = Debug|x64
		{75E6FE85-7C73-479A-993B-8477DAB2BCB4}.Debug|x64.Build.0 = Debug|x64
		{75E6FE85-7C73-479A-993B-8477DAB2BCB4}.Debug|x86.ActiveCfg = Debug|Win32
		{75E6FE85-7C73-479A-993B-8477DAB2BCB4}.Debug|x86.Build.0 = Debug|Win32
		{75E6FE85-7C73-479A-993B-8477DAB2BCB4}.Release|x64.ActiveCfg = Release|x64
		{75E6FE85-7C73-479A-993B-8477DAB2BCB4}.Release|x64.Build.0 = Release|x64
		{75E6FE85-7C73-479A-993B-8477DAB2BCB4}.Release|x86.ActiveCfg = Release|Win32
		{75E6FE85-7C73-479A-993B-8477DAB2BCB4}.Release|x86.Build.0 = Release|Win32
		{C916774F-88D4-4098-AF10-D674B9FCCCB8}.Debug|x64.ActiveCfg = Debug|x64
		{C916774F-88D4-4098-AF10-D674B9FCCCB8}.Debug|x64.Build.0 = Debug|x64
		{C916774F-88D4-4098-AF10-D674B9FCCCB8}.Debug|x86.ActiveCfg = Debug|Win32
		{C916774F-88D4-4098-AF10-D674B9FCCCB8}.Debug|x86.Build.0 = Debug|Win32
		{C916774F-88D4-4098-AF10-D674B9FCCCB8}.Release|x64.ActiveCfg = Release|x64
		{C916774F-88D4-4098-AF10-D674B9FCCCB8}.Release|x64.Build.0 = Release|x64
		{C916774F-88D4-4098-AF10-D674B9FCCCB8}.Release|x86.ActiveCfg = Release|Win32
		{C916774F-88D4-4098-AF10-D674B9FCCCB8}.Release|x86.Build.0 = Release|Win32
		{CFFFEAEA-58BC-4048-B28D-AAD3A848C0F4}.Debug|x64.ActiveCfg = Debug|x64
		{CFFFEAEA-58BC-4048-B28D-AAD3A848C0F4}.Debug|x64.Build.0 = Debug|x64
		{CFFFEAEA-58BC-4048-B28D-AAD3A848C0F4}.Debug|x86.ActiveCfg = Debug|Win32
		{CFFFEAEA-58BC-4048-B28D-AAD3A848C0F4}.Debug|x86.Build.0 = Debug|Win32
		{CFFFEAEA-58BC-4048-B28D-AAD3A848C0F4}.Release|x64.ActiveCfg = Release|x64
		{CFFFEAEA-58BC-4048-B28D-AAD3A848C0F4}.Release|x64.Build.0 = Release|x64
		{CFFFEAEA-58BC-4048-B28D-AAD3A848C0F4}.Release|x86.ActiveCfg = Release|Win32
		{CFFFEAEA-58BC-4048-B28D-AAD3A848C0F4}.Release|x86.Build.0 = Release|Win32
		{8A12CDC0-1B02-472F-8750-8E7733C26EEF}.Debug|x64.ActiveCfg = Debug|x64
		{8A12CDC0-1B02-472F-8750-8E7733C26EEF}.Debug|x64.Build.0 = Debug|x64
		{8A12CDC0-1B02-472F-8750-8E7733C26EEF}.Debug|x86.ActiveCfg = Debug|Win32
		{8A12CDC0-1B02-472F-8750-8E7733C26EEF}.Debug|x86.Build.0 = Debug|Win32
		{8A12CDC0-1B02-472F-8750-8E7733C26EEF}.Release|x64.ActiveCfg = Release|x64
		{8A12CDC0-1B02-472F-8750-8E7733C26EEF}.Release|x64.Build.0 = Release|x64
		{8A12CDC0-1B02-472F-8750-8E7733C26EEF}.Release|x86.ActiveCfg = Release|Win32
		{8A12CDC0-1B02-472F-8750-8E7733C26EEF}.Release|x86.Build.0 = Release|Win32
	EndGlobalSection
	GlobalSection(SolutionProperties) = preSolution
		HideSolutionNode = FALSE
	EndGlobalSection
	GlobalSection(ExtensibilityGlobals) = postSolution
		SolutionGuid = {193D30F5-2C19-4396-9BF6-4C1BF5869BCC}
	EndGlobalSection
EndGlobal
