
Microsoft Visual Studio Solution File, Format Version 12.00
# Visual Studio Version 17
VisualStudioVersion = 17.3.32901.215
MinimumVisualStudioVersion = 10.0.40219.1
Project("{8BC9CEB8-8B4A-11D0-8D11-00A0C91BC942}") = "2022.12.18-Homework-8", "2022.12.18-Homework-8.vcxproj", "{8EC3700D-4CA4-4661-9BA0-ED25DB9E1F4B}"
EndProject
Project("{8BC9CEB8-8B4A-11D0-8D11-00A0C91BC942}") = "Task1", "Task1\Task1.vcxproj", "{7E173D3E-C7F1-4519-9C0A-70FB8C5711F1}"
EndProject
Project("{8BC9CEB8-8B4A-11D0-8D11-00A0C91BC942}") = "Task2", "Task2\Task2.vcxproj", "{E137DF86-9630-440A-A546-B979A9367CFF}"
EndProject
Project("{8BC9CEB8-8B4A-11D0-8D11-00A0C91BC942}") = "Task3", "Task3\Task3.vcxproj", "{47304B98-AA8B-45C4-877B-47B3592CCE4A}"
EndProject
Project("{8BC9CEB8-8B4A-11D0-8D11-00A0C91BC942}") = "Task4", "Task4\Task4.vcxproj", "{DE6ABA92-2295-4A10-A50B-86F1DF39035A}"
EndProject
Project("{8BC9CEB8-8B4A-11D0-8D11-00A0C91BC942}") = "Task5", "Task5\Task5.vcxproj", "{3333B59E-C8AF-4B01-B909-53A98B4AD422}"
EndProject
Project("{8BC9CEB8-8B4A-11D0-8D11-00A0C91BC942}") = "Task6", "Task6\Task6.vcxproj", "{C8D39F3A-5A9C-44BB-880B-544FF9257BAC}"
EndProject
Project("{8BC9CEB8-8B4A-11D0-8D11-00A0C91BC942}") = "Task7", "Task7\Task7.vcxproj", "{026AA5A3-46B9-4D8D-B00E-1271CADC3622}"
EndProject
Project("{8BC9CEB8-8B4A-11D0-8D11-00A0C91BC942}") = "Task8", "Task8\Task8.vcxproj", "{2763463F-4AA9-4488-B803-71B979AC2282}"
EndProject
Project("{8BC9CEB8-8B4A-11D0-8D11-00A0C91BC942}") = "Task9", "Task9\Task9.vcxproj", "{085322B8-CDD9-4BE8-9FC4-AF0033985141}"
EndProject
Project("{8BC9CEB8-8B4A-11D0-8D11-00A0C91BC942}") = "Task10", "Task10\Task10.vcxproj", "{32356C4E-C1E2-44B6-BE38-54B29CE9A32D}"
EndProject
Global
	GlobalSection(SolutionConfigurationPlatforms) = preSolution
		Debug|x64 = Debug|x64
		Debug|x86 = Debug|x86
		Release|x64 = Release|x64
		Release|x86 = Release|x86
	EndGlobalSection
	GlobalSection(ProjectConfigurationPlatforms) = postSolution
		{8EC3700D-4CA4-4661-9BA0-ED25DB9E1F4B}.Debug|x64.ActiveCfg = Debug|x64
		{8EC3700D-4CA4-4661-9BA0-ED25DB9E1F4B}.Debug|x64.Build.0 = Debug|x64
		{8EC3700D-4CA4-4661-9BA0-ED25DB9E1F4B}.Debug|x86.ActiveCfg = Debug|Win32
		{8EC3700D-4CA4-4661-9BA0-ED25DB9E1F4B}.Debug|x86.Build.0 = Debug|Win32
		{8EC3700D-4CA4-4661-9BA0-ED25DB9E1F4B}.Release|x64.ActiveCfg = Release|x64
		{8EC3700D-4CA4-4661-9BA0-ED25DB9E1F4B}.Release|x64.Build.0 = Release|x64
		{8EC3700D-4CA4-4661-9BA0-ED25DB9E1F4B}.Release|x86.ActiveCfg = Release|Win32
		{8EC3700D-4CA4-4661-9BA0-ED25DB9E1F4B}.Release|x86.Build.0 = Release|Win32
		{7E173D3E-C7F1-4519-9C0A-70FB8C5711F1}.Debug|x64.ActiveCfg = Debug|x64
		{7E173D3E-C7F1-4519-9C0A-70FB8C5711F1}.Debug|x64.Build.0 = Debug|x64
		{7E173D3E-C7F1-4519-9C0A-70FB8C5711F1}.Debug|x86.ActiveCfg = Debug|Win32
		{7E173D3E-C7F1-4519-9C0A-70FB8C5711F1}.Debug|x86.Build.0 = Debug|Win32
		{7E173D3E-C7F1-4519-9C0A-70FB8C5711F1}.Release|x64.ActiveCfg = Release|x64
		{7E173D3E-C7F1-4519-9C0A-70FB8C5711F1}.Release|x64.Build.0 = Release|x64
		{7E173D3E-C7F1-4519-9C0A-70FB8C5711F1}.Release|x86.ActiveCfg = Release|Win32
		{7E173D3E-C7F1-4519-9C0A-70FB8C5711F1}.Release|x86.Build.0 = Release|Win32
		{E137DF86-9630-440A-A546-B979A9367CFF}.Debug|x64.ActiveCfg = Debug|x64
		{E137DF86-9630-440A-A546-B979A9367CFF}.Debug|x64.Build.0 = Debug|x64
		{E137DF86-9630-440A-A546-B979A9367CFF}.Debug|x86.ActiveCfg = Debug|Win32
		{E137DF86-9630-440A-A546-B979A9367CFF}.Debug|x86.Build.0 = Debug|Win32
		{E137DF86-9630-440A-A546-B979A9367CFF}.Release|x64.ActiveCfg = Release|x64
		{E137DF86-9630-440A-A546-B979A9367CFF}.Release|x64.Build.0 = Release|x64
		{E137DF86-9630-440A-A546-B979A9367CFF}.Release|x86.ActiveCfg = Release|Win32
		{E137DF86-9630-440A-A546-B979A9367CFF}.Release|x86.Build.0 = Release|Win32
		{47304B98-AA8B-45C4-877B-47B3592CCE4A}.Debug|x64.ActiveCfg = Debug|x64
		{47304B98-AA8B-45C4-877B-47B3592CCE4A}.Debug|x64.Build.0 = Debug|x64
		{47304B98-AA8B-45C4-877B-47B3592CCE4A}.Debug|x86.ActiveCfg = Debug|Win32
		{47304B98-AA8B-45C4-877B-47B3592CCE4A}.Debug|x86.Build.0 = Debug|Win32
		{47304B98-AA8B-45C4-877B-47B3592CCE4A}.Release|x64.ActiveCfg = Release|x64
		{47304B98-AA8B-45C4-877B-47B3592CCE4A}.Release|x64.Build.0 = Release|x64
		{47304B98-AA8B-45C4-877B-47B3592CCE4A}.Release|x86.ActiveCfg = Release|Win32
		{47304B98-AA8B-45C4-877B-47B3592CCE4A}.Release|x86.Build.0 = Release|Win32
		{DE6ABA92-2295-4A10-A50B-86F1DF39035A}.Debug|x64.ActiveCfg = Debug|x64
		{DE6ABA92-2295-4A10-A50B-86F1DF39035A}.Debug|x64.Build.0 = Debug|x64
		{DE6ABA92-2295-4A10-A50B-86F1DF39035A}.Debug|x86.ActiveCfg = Debug|Win32
		{DE6ABA92-2295-4A10-A50B-86F1DF39035A}.Debug|x86.Build.0 = Debug|Win32
		{DE6ABA92-2295-4A10-A50B-86F1DF39035A}.Release|x64.ActiveCfg = Release|x64
		{DE6ABA92-2295-4A10-A50B-86F1DF39035A}.Release|x64.Build.0 = Release|x64
		{DE6ABA92-2295-4A10-A50B-86F1DF39035A}.Release|x86.ActiveCfg = Release|Win32
		{DE6ABA92-2295-4A10-A50B-86F1DF39035A}.Release|x86.Build.0 = Release|Win32
		{3333B59E-C8AF-4B01-B909-53A98B4AD422}.Debug|x64.ActiveCfg = Debug|x64
		{3333B59E-C8AF-4B01-B909-53A98B4AD422}.Debug|x64.Build.0 = Debug|x64
		{3333B59E-C8AF-4B01-B909-53A98B4AD422}.Debug|x86.ActiveCfg = Debug|Win32
		{3333B59E-C8AF-4B01-B909-53A98B4AD422}.Debug|x86.Build.0 = Debug|Win32
		{3333B59E-C8AF-4B01-B909-53A98B4AD422}.Release|x64.ActiveCfg = Release|x64
		{3333B59E-C8AF-4B01-B909-53A98B4AD422}.Release|x64.Build.0 = Release|x64
		{3333B59E-C8AF-4B01-B909-53A98B4AD422}.Release|x86.ActiveCfg = Release|Win32
		{3333B59E-C8AF-4B01-B909-53A98B4AD422}.Release|x86.Build.0 = Release|Win32
		{C8D39F3A-5A9C-44BB-880B-544FF9257BAC}.Debug|x64.ActiveCfg = Debug|x64
		{C8D39F3A-5A9C-44BB-880B-544FF9257BAC}.Debug|x64.Build.0 = Debug|x64
		{C8D39F3A-5A9C-44BB-880B-544FF9257BAC}.Debug|x86.ActiveCfg = Debug|Win32
		{C8D39F3A-5A9C-44BB-880B-544FF9257BAC}.Debug|x86.Build.0 = Debug|Win32
		{C8D39F3A-5A9C-44BB-880B-544FF9257BAC}.Release|x64.ActiveCfg = Release|x64
		{C8D39F3A-5A9C-44BB-880B-544FF9257BAC}.Release|x64.Build.0 = Release|x64
		{C8D39F3A-5A9C-44BB-880B-544FF9257BAC}.Release|x86.ActiveCfg = Release|Win32
		{C8D39F3A-5A9C-44BB-880B-544FF9257BAC}.Release|x86.Build.0 = Release|Win32
		{026AA5A3-46B9-4D8D-B00E-1271CADC3622}.Debug|x64.ActiveCfg = Debug|x64
		{026AA5A3-46B9-4D8D-B00E-1271CADC3622}.Debug|x64.Build.0 = Debug|x64
		{026AA5A3-46B9-4D8D-B00E-1271CADC3622}.Debug|x86.ActiveCfg = Debug|Win32
		{026AA5A3-46B9-4D8D-B00E-1271CADC3622}.Debug|x86.Build.0 = Debug|Win32
		{026AA5A3-46B9-4D8D-B00E-1271CADC3622}.Release|x64.ActiveCfg = Release|x64
		{026AA5A3-46B9-4D8D-B00E-1271CADC3622}.Release|x64.Build.0 = Release|x64
		{026AA5A3-46B9-4D8D-B00E-1271CADC3622}.Release|x86.ActiveCfg = Release|Win32
		{026AA5A3-46B9-4D8D-B00E-1271CADC3622}.Release|x86.Build.0 = Release|Win32
		{2763463F-4AA9-4488-B803-71B979AC2282}.Debug|x64.ActiveCfg = Debug|x64
		{2763463F-4AA9-4488-B803-71B979AC2282}.Debug|x64.Build.0 = Debug|x64
		{2763463F-4AA9-4488-B803-71B979AC2282}.Debug|x86.ActiveCfg = Debug|Win32
		{2763463F-4AA9-4488-B803-71B979AC2282}.Debug|x86.Build.0 = Debug|Win32
		{2763463F-4AA9-4488-B803-71B979AC2282}.Release|x64.ActiveCfg = Release|x64
		{2763463F-4AA9-4488-B803-71B979AC2282}.Release|x64.Build.0 = Release|x64
		{2763463F-4AA9-4488-B803-71B979AC2282}.Release|x86.ActiveCfg = Release|Win32
		{2763463F-4AA9-4488-B803-71B979AC2282}.Release|x86.Build.0 = Release|Win32
		{085322B8-CDD9-4BE8-9FC4-AF0033985141}.Debug|x64.ActiveCfg = Debug|x64
		{085322B8-CDD9-4BE8-9FC4-AF0033985141}.Debug|x64.Build.0 = Debug|x64
		{085322B8-CDD9-4BE8-9FC4-AF0033985141}.Debug|x86.ActiveCfg = Debug|Win32
		{085322B8-CDD9-4BE8-9FC4-AF0033985141}.Debug|x86.Build.0 = Debug|Win32
		{085322B8-CDD9-4BE8-9FC4-AF0033985141}.Release|x64.ActiveCfg = Release|x64
		{085322B8-CDD9-4BE8-9FC4-AF0033985141}.Release|x64.Build.0 = Release|x64
		{085322B8-CDD9-4BE8-9FC4-AF0033985141}.Release|x86.ActiveCfg = Release|Win32
		{085322B8-CDD9-4BE8-9FC4-AF0033985141}.Release|x86.Build.0 = Release|Win32
		{32356C4E-C1E2-44B6-BE38-54B29CE9A32D}.Debug|x64.ActiveCfg = Debug|x64
		{32356C4E-C1E2-44B6-BE38-54B29CE9A32D}.Debug|x64.Build.0 = Debug|x64
		{32356C4E-C1E2-44B6-BE38-54B29CE9A32D}.Debug|x86.ActiveCfg = Debug|Win32
		{32356C4E-C1E2-44B6-BE38-54B29CE9A32D}.Debug|x86.Build.0 = Debug|Win32
		{32356C4E-C1E2-44B6-BE38-54B29CE9A32D}.Release|x64.ActiveCfg = Release|x64
		{32356C4E-C1E2-44B6-BE38-54B29CE9A32D}.Release|x64.Build.0 = Release|x64
		{32356C4E-C1E2-44B6-BE38-54B29CE9A32D}.Release|x86.ActiveCfg = Release|Win32
		{32356C4E-C1E2-44B6-BE38-54B29CE9A32D}.Release|x86.Build.0 = Release|Win32
	EndGlobalSection
	GlobalSection(SolutionProperties) = preSolution
		HideSolutionNode = FALSE
	EndGlobalSection
	GlobalSection(ExtensibilityGlobals) = postSolution
		SolutionGuid = {A2ABD8D5-E247-48D9-B98D-35038634C742}
	EndGlobalSection
EndGlobal
