
Microsoft Visual Studio Solution File, Format Version 12.00
# Visual Studio Version 17
VisualStudioVersion = 17.3.32901.215
MinimumVisualStudioVersion = 10.0.40219.1
Project("{8BC9CEB8-8B4A-11D0-8D11-00A0C91BC942}") = "09.10.22-Homework-2", "09.10.22-Homework-2.vcxproj", "{CB5EF6B7-846B-4960-968F-41456B6BD21E}"
EndProject
Project("{8BC9CEB8-8B4A-11D0-8D11-00A0C91BC942}") = "Task1", "..\Task1\Task1.vcxproj", "{3DB353C7-9DDF-4693-852F-DD7FA106C401}"
EndProject
Project("{8BC9CEB8-8B4A-11D0-8D11-00A0C91BC942}") = "Task2", "..\Task2\Task2.vcxproj", "{1E7E1CD2-0609-49C8-8D85-0419A44C50F3}"
EndProject
Project("{8BC9CEB8-8B4A-11D0-8D11-00A0C91BC942}") = "Task3", "Task3\Task3.vcxproj", "{A4667EB1-A45F-42CF-AB33-43F0F586FE86}"
EndProject
Project("{8BC9CEB8-8B4A-11D0-8D11-00A0C91BC942}") = "Task4", "Task4\Task4.vcxproj", "{F7CA5CAE-259F-4F53-97FF-A43999E4C528}"
EndProject
Project("{8BC9CEB8-8B4A-11D0-8D11-00A0C91BC942}") = "Task5", "Task5\Task5.vcxproj", "{44E7C4E1-C7F7-4270-9FEE-45080BEE2B24}"
EndProject
Project("{8BC9CEB8-8B4A-11D0-8D11-00A0C91BC942}") = "Task6", "Task6\Task6.vcxproj", "{49AEA087-A2BE-4CAF-9F3D-AC1F2E7DBCE0}"
EndProject
Project("{8BC9CEB8-8B4A-11D0-8D11-00A0C91BC942}") = "Task7", "Task7\Task7.vcxproj", "{BE427EE4-C968-410F-B743-9ED09FFDD7F4}"
EndProject
Project("{8BC9CEB8-8B4A-11D0-8D11-00A0C91BC942}") = "Task8", "Task8\Task8.vcxproj", "{D84D056B-4C40-4D18-87D0-8E5E24FA5551}"
EndProject
Project("{8BC9CEB8-8B4A-11D0-8D11-00A0C91BC942}") = "Task9", "..\Task9\Task9.vcxproj", "{1457AF0E-0410-4C02-9333-96DABE92AB36}"
EndProject
Global
	GlobalSection(SolutionConfigurationPlatforms) = preSolution
		Debug|x64 = Debug|x64
		Debug|x86 = Debug|x86
		Release|x64 = Release|x64
		Release|x86 = Release|x86
	EndGlobalSection
	GlobalSection(ProjectConfigurationPlatforms) = postSolution
		{CB5EF6B7-846B-4960-968F-41456B6BD21E}.Debug|x64.ActiveCfg = Debug|x64
		{CB5EF6B7-846B-4960-968F-41456B6BD21E}.Debug|x64.Build.0 = Debug|x64
		{CB5EF6B7-846B-4960-968F-41456B6BD21E}.Debug|x86.ActiveCfg = Debug|Win32
		{CB5EF6B7-846B-4960-968F-41456B6BD21E}.Debug|x86.Build.0 = Debug|Win32
		{CB5EF6B7-846B-4960-968F-41456B6BD21E}.Release|x64.ActiveCfg = Release|x64
		{CB5EF6B7-846B-4960-968F-41456B6BD21E}.Release|x64.Build.0 = Release|x64
		{CB5EF6B7-846B-4960-968F-41456B6BD21E}.Release|x86.ActiveCfg = Release|Win32
		{CB5EF6B7-846B-4960-968F-41456B6BD21E}.Release|x86.Build.0 = Release|Win32
		{3DB353C7-9DDF-4693-852F-DD7FA106C401}.Debug|x64.ActiveCfg = Debug|x64
		{3DB353C7-9DDF-4693-852F-DD7FA106C401}.Debug|x64.Build.0 = Debug|x64
		{3DB353C7-9DDF-4693-852F-DD7FA106C401}.Debug|x86.ActiveCfg = Debug|Win32
		{3DB353C7-9DDF-4693-852F-DD7FA106C401}.Debug|x86.Build.0 = Debug|Win32
		{3DB353C7-9DDF-4693-852F-DD7FA106C401}.Release|x64.ActiveCfg = Release|x64
		{3DB353C7-9DDF-4693-852F-DD7FA106C401}.Release|x64.Build.0 = Release|x64
		{3DB353C7-9DDF-4693-852F-DD7FA106C401}.Release|x86.ActiveCfg = Release|Win32
		{3DB353C7-9DDF-4693-852F-DD7FA106C401}.Release|x86.Build.0 = Release|Win32
		{1E7E1CD2-0609-49C8-8D85-0419A44C50F3}.Debug|x64.ActiveCfg = Debug|x64
		{1E7E1CD2-0609-49C8-8D85-0419A44C50F3}.Debug|x64.Build.0 = Debug|x64
		{1E7E1CD2-0609-49C8-8D85-0419A44C50F3}.Debug|x86.ActiveCfg = Debug|Win32
		{1E7E1CD2-0609-49C8-8D85-0419A44C50F3}.Debug|x86.Build.0 = Debug|Win32
		{1E7E1CD2-0609-49C8-8D85-0419A44C50F3}.Release|x64.ActiveCfg = Release|x64
		{1E7E1CD2-0609-49C8-8D85-0419A44C50F3}.Release|x64.Build.0 = Release|x64
		{1E7E1CD2-0609-49C8-8D85-0419A44C50F3}.Release|x86.ActiveCfg = Release|Win32
		{1E7E1CD2-0609-49C8-8D85-0419A44C50F3}.Release|x86.Build.0 = Release|Win32
		{A4667EB1-A45F-42CF-AB33-43F0F586FE86}.Debug|x64.ActiveCfg = Debug|x64
		{A4667EB1-A45F-42CF-AB33-43F0F586FE86}.Debug|x64.Build.0 = Debug|x64
		{A4667EB1-A45F-42CF-AB33-43F0F586FE86}.Debug|x86.ActiveCfg = Debug|Win32
		{A4667EB1-A45F-42CF-AB33-43F0F586FE86}.Debug|x86.Build.0 = Debug|Win32
		{A4667EB1-A45F-42CF-AB33-43F0F586FE86}.Release|x64.ActiveCfg = Release|x64
		{A4667EB1-A45F-42CF-AB33-43F0F586FE86}.Release|x64.Build.0 = Release|x64
		{A4667EB1-A45F-42CF-AB33-43F0F586FE86}.Release|x86.ActiveCfg = Release|Win32
		{A4667EB1-A45F-42CF-AB33-43F0F586FE86}.Release|x86.Build.0 = Release|Win32
		{F7CA5CAE-259F-4F53-97FF-A43999E4C528}.Debug|x64.ActiveCfg = Debug|x64
		{F7CA5CAE-259F-4F53-97FF-A43999E4C528}.Debug|x64.Build.0 = Debug|x64
		{F7CA5CAE-259F-4F53-97FF-A43999E4C528}.Debug|x86.ActiveCfg = Debug|Win32
		{F7CA5CAE-259F-4F53-97FF-A43999E4C528}.Debug|x86.Build.0 = Debug|Win32
		{F7CA5CAE-259F-4F53-97FF-A43999E4C528}.Release|x64.ActiveCfg = Release|x64
		{F7CA5CAE-259F-4F53-97FF-A43999E4C528}.Release|x64.Build.0 = Release|x64
		{F7CA5CAE-259F-4F53-97FF-A43999E4C528}.Release|x86.ActiveCfg = Release|Win32
		{F7CA5CAE-259F-4F53-97FF-A43999E4C528}.Release|x86.Build.0 = Release|Win32
		{44E7C4E1-C7F7-4270-9FEE-45080BEE2B24}.Debug|x64.ActiveCfg = Debug|x64
		{44E7C4E1-C7F7-4270-9FEE-45080BEE2B24}.Debug|x64.Build.0 = Debug|x64
		{44E7C4E1-C7F7-4270-9FEE-45080BEE2B24}.Debug|x86.ActiveCfg = Debug|Win32
		{44E7C4E1-C7F7-4270-9FEE-45080BEE2B24}.Debug|x86.Build.0 = Debug|Win32
		{44E7C4E1-C7F7-4270-9FEE-45080BEE2B24}.Release|x64.ActiveCfg = Release|x64
		{44E7C4E1-C7F7-4270-9FEE-45080BEE2B24}.Release|x64.Build.0 = Release|x64
		{44E7C4E1-C7F7-4270-9FEE-45080BEE2B24}.Release|x86.ActiveCfg = Release|Win32
		{44E7C4E1-C7F7-4270-9FEE-45080BEE2B24}.Release|x86.Build.0 = Release|Win32
		{49AEA087-A2BE-4CAF-9F3D-AC1F2E7DBCE0}.Debug|x64.ActiveCfg = Debug|x64
		{49AEA087-A2BE-4CAF-9F3D-AC1F2E7DBCE0}.Debug|x64.Build.0 = Debug|x64
		{49AEA087-A2BE-4CAF-9F3D-AC1F2E7DBCE0}.Debug|x86.ActiveCfg = Debug|Win32
		{49AEA087-A2BE-4CAF-9F3D-AC1F2E7DBCE0}.Debug|x86.Build.0 = Debug|Win32
		{49AEA087-A2BE-4CAF-9F3D-AC1F2E7DBCE0}.Release|x64.ActiveCfg = Release|x64
		{49AEA087-A2BE-4CAF-9F3D-AC1F2E7DBCE0}.Release|x64.Build.0 = Release|x64
		{49AEA087-A2BE-4CAF-9F3D-AC1F2E7DBCE0}.Release|x86.ActiveCfg = Release|Win32
		{49AEA087-A2BE-4CAF-9F3D-AC1F2E7DBCE0}.Release|x86.Build.0 = Release|Win32
		{BE427EE4-C968-410F-B743-9ED09FFDD7F4}.Debug|x64.ActiveCfg = Debug|x64
		{BE427EE4-C968-410F-B743-9ED09FFDD7F4}.Debug|x64.Build.0 = Debug|x64
		{BE427EE4-C968-410F-B743-9ED09FFDD7F4}.Debug|x86.ActiveCfg = Debug|Win32
		{BE427EE4-C968-410F-B743-9ED09FFDD7F4}.Debug|x86.Build.0 = Debug|Win32
		{BE427EE4-C968-410F-B743-9ED09FFDD7F4}.Release|x64.ActiveCfg = Release|x64
		{BE427EE4-C968-410F-B743-9ED09FFDD7F4}.Release|x64.Build.0 = Release|x64
		{BE427EE4-C968-410F-B743-9ED09FFDD7F4}.Release|x86.ActiveCfg = Release|Win32
		{BE427EE4-C968-410F-B743-9ED09FFDD7F4}.Release|x86.Build.0 = Release|Win32
		{D84D056B-4C40-4D18-87D0-8E5E24FA5551}.Debug|x64.ActiveCfg = Debug|x64
		{D84D056B-4C40-4D18-87D0-8E5E24FA5551}.Debug|x64.Build.0 = Debug|x64
		{D84D056B-4C40-4D18-87D0-8E5E24FA5551}.Debug|x86.ActiveCfg = Debug|Win32
		{D84D056B-4C40-4D18-87D0-8E5E24FA5551}.Debug|x86.Build.0 = Debug|Win32
		{D84D056B-4C40-4D18-87D0-8E5E24FA5551}.Release|x64.ActiveCfg = Release|x64
		{D84D056B-4C40-4D18-87D0-8E5E24FA5551}.Release|x64.Build.0 = Release|x64
		{D84D056B-4C40-4D18-87D0-8E5E24FA5551}.Release|x86.ActiveCfg = Release|Win32
		{D84D056B-4C40-4D18-87D0-8E5E24FA5551}.Release|x86.Build.0 = Release|Win32
		{1457AF0E-0410-4C02-9333-96DABE92AB36}.Debug|x64.ActiveCfg = Debug|x64
		{1457AF0E-0410-4C02-9333-96DABE92AB36}.Debug|x64.Build.0 = Debug|x64
		{1457AF0E-0410-4C02-9333-96DABE92AB36}.Debug|x86.ActiveCfg = Debug|Win32
		{1457AF0E-0410-4C02-9333-96DABE92AB36}.Debug|x86.Build.0 = Debug|Win32
		{1457AF0E-0410-4C02-9333-96DABE92AB36}.Release|x64.ActiveCfg = Release|x64
		{1457AF0E-0410-4C02-9333-96DABE92AB36}.Release|x64.Build.0 = Release|x64
		{1457AF0E-0410-4C02-9333-96DABE92AB36}.Release|x86.ActiveCfg = Release|Win32
		{1457AF0E-0410-4C02-9333-96DABE92AB36}.Release|x86.Build.0 = Release|Win32
	EndGlobalSection
	GlobalSection(SolutionProperties) = preSolution
		HideSolutionNode = FALSE
	EndGlobalSection
	GlobalSection(ExtensibilityGlobals) = postSolution
		SolutionGuid = {643D8CEB-22A2-4982-8CBB-DF77D54307F7}
	EndGlobalSection
EndGlobal
